
Microsoft Visual Studio Solution File, Format Version 12.00
# Visual Studio Version 17
VisualStudioVersion = 17.6.33829.357
MinimumVisualStudioVersion = 10.0.40219.1
Project("{FAE04EC0-301F-11D3-BF4B-00C04F79EFBC}") = "DashboardApp.Android", "DashboardApp.Android\DashboardApp.Android.csproj", "{A67DF71D-D1D5-486B-A39D-1B92FCFE6668}"
EndProject
Project("{FAE04EC0-301F-11D3-BF4B-00C04F79EFBC}") = "DashboardApp.iOS", "DashboardApp.iOS\DashboardApp.iOS.csproj", "{E21F58B7-2FA7-4A0C-8705-40F30254B325}"
EndProject
Project("{FAE04EC0-301F-11D3-BF4B-00C04F79EFBC}") = "DashboardApp", "DashboardApp\DashboardApp.csproj", "{66134924-FDE5-4476-9803-22BB1A483D8B}"
EndProject
Global
	GlobalSection(SolutionConfigurationPlatforms) = preSolution
		Debug|Any CPU = Debug|Any CPU
		Debug|iPhone = Debug|iPhone
		Debug|iPhoneSimulator = Debug|iPhoneSimulator
		Release|Any CPU = Release|Any CPU
		Release|iPhone = Release|iPhone
		Release|iPhoneSimulator = Release|iPhoneSimulator
	EndGlobalSection
	GlobalSection(ProjectConfigurationPlatforms) = postSolution
		{A67DF71D-D1D5-486B-A39D-1B92FCFE6668}.Debug|Any CPU.ActiveCfg = Debug|Any CPU
		{A67DF71D-D1D5-486B-A39D-1B92FCFE6668}.Debug|Any CPU.Build.0 = Debug|Any CPU
		{A67DF71D-D1D5-486B-A39D-1B92FCFE6668}.Debug|Any CPU.Deploy.0 = Debug|Any CPU
		{A67DF71D-D1D5-486B-A39D-1B92FCFE6668}.Debug|iPhone.ActiveCfg = Debug|Any CPU
		{A67DF71D-D1D5-486B-A39D-1B92FCFE6668}.Debug|iPhone.Build.0 = Debug|Any CPU
		{A67DF71D-D1D5-486B-A39D-1B92FCFE6668}.Debug|iPhone.Deploy.0 = Debug|Any CPU
		{A67DF71D-D1D5-486B-A39D-1B92FCFE6668}.Debug|iPhoneSimulator.ActiveCfg = Debug|Any CPU
		{A67DF71D-D1D5-486B-A39D-1B92FCFE6668}.Debug|iPhoneSimulator.Build.0 = Debug|Any CPU
		{A67DF71D-D1D5-486B-A39D-1B92FCFE6668}.Debug|iPhoneSimulator.Deploy.0 = Debug|Any CPU
		{A67DF71D-D1D5-486B-A39D-1B92FCFE6668}.Release|Any CPU.ActiveCfg = Release|Any CPU
		{A67DF71D-D1D5-486B-A39D-1B92FCFE6668}.Release|Any CPU.Build.0 = Release|Any CPU
		{A67DF71D-D1D5-486B-A39D-1B92FCFE6668}.Release|Any CPU.Deploy.0 = Release|Any CPU
		{A67DF71D-D1D5-486B-A39D-1B92FCFE6668}.Release|iPhone.ActiveCfg = Release|Any CPU
		{A67DF71D-D1D5-486B-A39D-1B92FCFE6668}.Release|iPhone.Build.0 = Release|Any CPU
		{A67DF71D-D1D5-486B-A39D-1B92FCFE6668}.Release|iPhone.Deploy.0 = Release|Any CPU
		{A67DF71D-D1D5-486B-A39D-1B92FCFE6668}.Release|iPhoneSimulator.ActiveCfg = Release|Any CPU
		{A67DF71D-D1D5-486B-A39D-1B92FCFE6668}.Release|iPhoneSimulator.Build.0 = Release|Any CPU
		{A67DF71D-D1D5-486B-A39D-1B92FCFE6668}.Release|iPhoneSimulator.Deploy.0 = Release|Any CPU
		{E21F58B7-2FA7-4A0C-8705-40F30254B325}.Debug|Any CPU.ActiveCfg = Debug|iPhone
		{E21F58B7-2FA7-4A0C-8705-40F30254B325}.Debug|Any CPU.Build.0 = Debug|iPhone
		{E21F58B7-2FA7-4A0C-8705-40F30254B325}.Debug|Any CPU.Deploy.0 = Debug|iPhone
		{E21F58B7-2FA7-4A0C-8705-40F30254B325}.Debug|iPhone.ActiveCfg = Debug|iPhone
		{E21F58B7-2FA7-4A0C-8705-40F30254B325}.Debug|iPhone.Build.0 = Debug|iPhone
		{E21F58B7-2FA7-4A0C-8705-40F30254B325}.Debug|iPhone.Deploy.0 = Debug|iPhone
		{E21F58B7-2FA7-4A0C-8705-40F30254B325}.Debug|iPhoneSimulator.ActiveCfg = Debug|iPhoneSimulator
		{E21F58B7-2FA7-4A0C-8705-40F30254B325}.Debug|iPhoneSimulator.Build.0 = Debug|iPhoneSimulator
		{E21F58B7-2FA7-4A0C-8705-40F30254B325}.Debug|iPhoneSimulator.Deploy.0 = Debug|iPhoneSimulator
		{E21F58B7-2FA7-4A0C-8705-40F30254B325}.Release|Any CPU.ActiveCfg = Release|iPhoneSimulator
		{E21F58B7-2FA7-4A0C-8705-40F30254B325}.Release|Any CPU.Build.0 = Release|iPhoneSimulator
		{E21F58B7-2FA7-4A0C-8705-40F30254B325}.Release|Any CPU.Deploy.0 = Release|iPhoneSimulator
		{E21F58B7-2FA7-4A0C-8705-40F30254B325}.Release|iPhone.ActiveCfg = Release|iPhone
		{E21F58B7-2FA7-4A0C-8705-40F30254B325}.Release|iPhone.Build.0 = Release|iPhone
		{E21F58B7-2FA7-4A0C-8705-40F30254B325}.Release|iPhone.Deploy.0 = Release|iPhone
		{E21F58B7-2FA7-4A0C-8705-40F30254B325}.Release|iPhoneSimulator.ActiveCfg = Release|iPhoneSimulator
		{E21F58B7-2FA7-4A0C-8705-40F30254B325}.Release|iPhoneSimulator.Build.0 = Release|iPhoneSimulator
		{E21F58B7-2FA7-4A0C-8705-40F30254B325}.Release|iPhoneSimulator.Deploy.0 = Release|iPhoneSimulator
		{66134924-FDE5-4476-9803-22BB1A483D8B}.Debug|Any CPU.ActiveCfg = Debug|Any CPU
		{66134924-FDE5-4476-9803-22BB1A483D8B}.Debug|Any CPU.Build.0 = Debug|Any CPU
		{66134924-FDE5-4476-9803-22BB1A483D8B}.Debug|Any CPU.Deploy.0 = Debug|Any CPU
		{66134924-FDE5-4476-9803-22BB1A483D8B}.Debug|iPhone.ActiveCfg = Debug|Any CPU
		{66134924-FDE5-4476-9803-22BB1A483D8B}.Debug|iPhone.Build.0 = Debug|Any CPU
		{66134924-FDE5-4476-9803-22BB1A483D8B}.Debug|iPhone.Deploy.0 = Debug|Any CPU
		{66134924-FDE5-4476-9803-22BB1A483D8B}.Debug|iPhoneSimulator.ActiveCfg = Debug|Any CPU
		{66134924-FDE5-4476-9803-22BB1A483D8B}.Debug|iPhoneSimulator.Build.0 = Debug|Any CPU
		{66134924-FDE5-4476-9803-22BB1A483D8B}.Debug|iPhoneSimulator.Deploy.0 = Debug|Any CPU
		{66134924-FDE5-4476-9803-22BB1A483D8B}.Release|Any CPU.ActiveCfg = Release|Any CPU
		{66134924-FDE5-4476-9803-22BB1A483D8B}.Release|Any CPU.Build.0 = Release|Any CPU
		{66134924-FDE5-4476-9803-22BB1A483D8B}.Release|Any CPU.Deploy.0 = Release|Any CPU
		{66134924-FDE5-4476-9803-22BB1A483D8B}.Release|iPhone.ActiveCfg = Release|Any CPU
		{66134924-FDE5-4476-9803-22BB1A483D8B}.Release|iPhone.Build.0 = Release|Any CPU
		{66134924-FDE5-4476-9803-22BB1A483D8B}.Release|iPhone.Deploy.0 = Release|Any CPU
		{66134924-FDE5-4476-9803-22BB1A483D8B}.Release|iPhoneSimulator.ActiveCfg = Release|Any CPU
		{66134924-FDE5-4476-9803-22BB1A483D8B}.Release|iPhoneSimulator.Build.0 = Release|Any CPU
		{66134924-FDE5-4476-9803-22BB1A483D8B}.Release|iPhoneSimulator.Deploy.0 = Release|Any CPU
	EndGlobalSection
	GlobalSection(SolutionProperties) = preSolution
		HideSolutionNode = FALSE
	EndGlobalSection
	GlobalSection(ExtensibilityGlobals) = postSolution
		SolutionGuid = {FEAFD76A-6517-4DA8-B48E-F81C923A73C2}
	EndGlobalSection
EndGlobal
